
Microsoft Visual Studio Solution File, Format Version 12.00
# Visual Studio Version 16
VisualStudioVersion = 16.0.30907.101
MinimumVisualStudioVersion = 10.0.40219.1
Project("{FAE04EC0-301F-11D3-BF4B-00C04F79EFBC}") = "OOP1", "OOP1\OOP1.csproj", "{34E15ADD-52FA-4E79-BD37-5A5C3B241E1B}"
EndProject
Project("{FAE04EC0-301F-11D3-BF4B-00C04F79EFBC}") = "Koleksiyonlar", "Koleksiyonlar\Koleksiyonlar.csproj", "{BC92C8AD-ECCC-4659-B67E-189731F1F72A}"
EndProject
Project("{FAE04EC0-301F-11D3-BF4B-00C04F79EFBC}") = "GenerIcsIntro", "GenerIcsIntro\GenerIcsIntro.csproj", "{AEEAC01A-95E1-4DDB-95A5-DE7239194BDE}"
EndProject
Global
	GlobalSection(SolutionConfigurationPlatforms) = preSolution
		Debug|Any CPU = Debug|Any CPU
		Release|Any CPU = Release|Any CPU
	EndGlobalSection
	GlobalSection(ProjectConfigurationPlatforms) = postSolution
		{34E15ADD-52FA-4E79-BD37-5A5C3B241E1B}.Debug|Any CPU.ActiveCfg = Debug|Any CPU
		{34E15ADD-52FA-4E79-BD37-5A5C3B241E1B}.Debug|Any CPU.Build.0 = Debug|Any CPU
		{34E15ADD-52FA-4E79-BD37-5A5C3B241E1B}.Release|Any CPU.ActiveCfg = Release|Any CPU
		{34E15ADD-52FA-4E79-BD37-5A5C3B241E1B}.Release|Any CPU.Build.0 = Release|Any CPU
		{BC92C8AD-ECCC-4659-B67E-189731F1F72A}.Debug|Any CPU.ActiveCfg = Debug|Any CPU
		{BC92C8AD-ECCC-4659-B67E-189731F1F72A}.Debug|Any CPU.Build.0 = Debug|Any CPU
		{BC92C8AD-ECCC-4659-B67E-189731F1F72A}.Release|Any CPU.ActiveCfg = Release|Any CPU
		{BC92C8AD-ECCC-4659-B67E-189731F1F72A}.Release|Any CPU.Build.0 = Release|Any CPU
		{AEEAC01A-95E1-4DDB-95A5-DE7239194BDE}.Debug|Any CPU.ActiveCfg = Debug|Any CPU
		{AEEAC01A-95E1-4DDB-95A5-DE7239194BDE}.Debug|Any CPU.Build.0 = Debug|Any CPU
		{AEEAC01A-95E1-4DDB-95A5-DE7239194BDE}.Release|Any CPU.ActiveCfg = Release|Any CPU
		{AEEAC01A-95E1-4DDB-95A5-DE7239194BDE}.Release|Any CPU.Build.0 = Release|Any CPU
	EndGlobalSection
	GlobalSection(SolutionProperties) = preSolution
		HideSolutionNode = FALSE
	EndGlobalSection
	GlobalSection(ExtensibilityGlobals) = postSolution
		SolutionGuid = {03263E6F-4724-4EDF-B7EC-4095D5C35781}
	EndGlobalSection
EndGlobal
